
Microsoft Visual Studio Solution File, Format Version 12.00
# Visual Studio Version 18
VisualStudioVersion = 18.3.11312.210
MinimumVisualStudioVersion = 10.0.40219.1
Project("{8BC9CEB8-8B4A-11D0-8D11-00A0C91BC942}") = "plinky", "plinky.vcxproj", "{19391146-5BFF-49A4-B254-A1DCBCBF5304}"
EndProject
Project("{8BC9CEB8-8B4A-11D0-8D11-00A0C91BC942}") = "plinky_tests", "plinky_tests\plinky_tests.vcxproj", "{F31EC985-DA4B-774B-DE3A-D091A7E6C09D}"
EndProject
Global
	GlobalSection(SolutionConfigurationPlatforms) = preSolution
		DebugExe|x64 = DebugExe|x64
		DebugExe|x86 = DebugExe|x86
		DebugLib|x64 = DebugLib|x64
		DebugLib|x86 = DebugLib|x86
		Release|x64 = Release|x64
		Release|x86 = Release|x86
	EndGlobalSection
	GlobalSection(ProjectConfigurationPlatforms) = postSolution
		{19391146-5BFF-49A4-B254-A1DCBCBF5304}.DebugExe|x64.ActiveCfg = DebugExe|x64
		{19391146-5BFF-49A4-B254-A1DCBCBF5304}.DebugExe|x64.Build.0 = DebugExe|x64
		{19391146-5BFF-49A4-B254-A1DCBCBF5304}.DebugExe|x86.ActiveCfg = DebugExe|Win32
		{19391146-5BFF-49A4-B254-A1DCBCBF5304}.DebugExe|x86.Build.0 = DebugExe|Win32
		{19391146-5BFF-49A4-B254-A1DCBCBF5304}.DebugLib|x64.ActiveCfg = DebugLib|x64
		{19391146-5BFF-49A4-B254-A1DCBCBF5304}.DebugLib|x64.Build.0 = DebugLib|x64
		{19391146-5BFF-49A4-B254-A1DCBCBF5304}.DebugLib|x86.ActiveCfg = DebugLib|Win32
		{19391146-5BFF-49A4-B254-A1DCBCBF5304}.DebugLib|x86.Build.0 = DebugLib|Win32
		{19391146-5BFF-49A4-B254-A1DCBCBF5304}.Release|x64.ActiveCfg = Release|x64
		{19391146-5BFF-49A4-B254-A1DCBCBF5304}.Release|x64.Build.0 = Release|x64
		{19391146-5BFF-49A4-B254-A1DCBCBF5304}.Release|x86.ActiveCfg = Release|Win32
		{19391146-5BFF-49A4-B254-A1DCBCBF5304}.Release|x86.Build.0 = Release|Win32
		{F31EC985-DA4B-774B-DE3A-D091A7E6C09D}.DebugExe|x64.ActiveCfg = Debug|x64
		{F31EC985-DA4B-774B-DE3A-D091A7E6C09D}.DebugExe|x86.ActiveCfg = Debug|Win32
		{F31EC985-DA4B-774B-DE3A-D091A7E6C09D}.DebugExe|x86.Build.0 = Debug|Win32
		{F31EC985-DA4B-774B-DE3A-D091A7E6C09D}.DebugLib|x64.ActiveCfg = Debug|x64
		{F31EC985-DA4B-774B-DE3A-D091A7E6C09D}.DebugLib|x64.Build.0 = Debug|x64
		{F31EC985-DA4B-774B-DE3A-D091A7E6C09D}.DebugLib|x86.ActiveCfg = DebugLib|Win32
		{F31EC985-DA4B-774B-DE3A-D091A7E6C09D}.DebugLib|x86.Build.0 = DebugLib|Win32
		{F31EC985-DA4B-774B-DE3A-D091A7E6C09D}.Release|x64.ActiveCfg = Release|x64
		{F31EC985-DA4B-774B-DE3A-D091A7E6C09D}.Release|x64.Build.0 = Release|x64
		{F31EC985-DA4B-774B-DE3A-D091A7E6C09D}.Release|x86.ActiveCfg = Release|Win32
		{F31EC985-DA4B-774B-DE3A-D091A7E6C09D}.Release|x86.Build.0 = Release|Win32
	EndGlobalSection
	GlobalSection(SolutionProperties) = preSolution
		HideSolutionNode = FALSE
	EndGlobalSection
	GlobalSection(ExtensibilityGlobals) = postSolution
		SolutionGuid = {3FF523FD-F0CB-40A6-882B-EC2173237033}
	EndGlobalSection
EndGlobal
